
Microsoft Visual Studio Solution File, Format Version 12.00
# Visual Studio Version 17
VisualStudioVersion = 17.3.32929.385
MinimumVisualStudioVersion = 10.0.40219.1
Project("{FAE04EC0-301F-11D3-BF4B-00C04F79EFBC}") = "SheilaNov2022", "SheilaNov2022\SheilaNov2022.csproj", "{58802A4D-C86A-4FC2-844E-A27A9F8A62E3}"
EndProject
Global
	GlobalSection(SolutionConfigurationPlatforms) = preSolution
		Debug|Any CPU = Debug|Any CPU
		Release|Any CPU = Release|Any CPU
	EndGlobalSection
	GlobalSection(ProjectConfigurationPlatforms) = postSolution
		{58802A4D-C86A-4FC2-844E-A27A9F8A62E3}.Debug|Any CPU.ActiveCfg = Debug|Any CPU
		{58802A4D-C86A-4FC2-844E-A27A9F8A62E3}.Debug|Any CPU.Build.0 = Debug|Any CPU
		{58802A4D-C86A-4FC2-844E-A27A9F8A62E3}.Release|Any CPU.ActiveCfg = Release|Any CPU
		{58802A4D-C86A-4FC2-844E-A27A9F8A62E3}.Release|Any CPU.Build.0 = Release|Any CPU
	EndGlobalSection
	GlobalSection(SolutionProperties) = preSolution
		HideSolutionNode = FALSE
	EndGlobalSection
	GlobalSection(ExtensibilityGlobals) = postSolution
		SolutionGuid = {7CB80E39-2C9D-49F6-9C20-00FFA010B505}
	EndGlobalSection
EndGlobal
